{
  "name": "vulnerable-app",
  "version": "1.0.0",
  "lockfileVersion": 3,
  "requires": true,
  "packages": {
    "": {
      "name": "vulnerable-app",
      "version": "1.0.0",
      "dependencies": {
        "lodash": "4.17.4",
        "minimist": "0.0.8",
        "express": "4.16.0",
        "serialize-javascript": "1.7.0",
        "node-fetch": "2.6.0",
        "axios": "0.19.0",
        "jsonwebtoken": "8.3.0",
        "marked": "0.3.6",
        "helmet": "3.15.0",
        "tar": "4.4.0",
        "underscore": "1.8.3",
        "handlebars": "4.0.0",
        "moment": "2.19.2",
        "angular": "1.5.0",
        "jquery": "2.2.4",
        "bootstrap": "3.3.6",
        "ini": "1.3.5",
        "yargs-parser": "5.0.0",
        "kind-of": "6.0.0",
        "decompress": "4.2.0",
        "mem": "4.0.0",
        "braces": "2.3.0",
        "dot-prop": "4.2.0",
        "set-value": "2.0.0",
        "mixin-deep": "1.3.1",
        "js-yaml": "3.12.0",
        "highlight.js": "9.12.0",
        "postcss": "7.0.0",
        "glob-parent": "5.0.0",
        "trim-newlines": "3.0.0",
        "path-parse": "1.0.6",
        "hosted-git-info": "2.8.8",
        "ssri": "6.0.1",
        "y18n": "4.0.0",
        "elliptic": "6.5.3",
        "bl": "1.2.2",
        "ua-parser-js": "0.7.28",
        "nth-check": "1.0.2",
        "ansi-regex": "4.1.0",
        "nanoid": "2.1.11",
        "follow-redirects": "1.14.7",
        "shelljs": "0.8.4",
        "ejs": "3.1.6",
        "async": "2.6.3",
        "got": "9.6.0",
        "dns-packet": "5.2.1",
        "ws": "7.4.5",
        "ajv": "6.12.2",
        "color-string": "1.5.4",
        "normalize-url": "4.5.0",
        "browserslist": "4.16.3",
        "immer": "8.0.1",
        "url-parse": "1.5.1",
        "prismjs": "1.24.0",
        "object-path": "0.11.4",
        "node-notifier": "8.0.0",
        "socket.io": "2.4.1",
        "xmldom": "0.4.0",
        "passport": "0.4.1",
        "morgan": "1.9.0",
        "cookie": "0.4.0",
        "body-parser": "1.18.0",
        "multer": "1.4.2",
        "knex": "0.20.0",
        "sequelize": "5.21.0",
        "mongoose": "5.7.0",
        "mysql": "2.16.0",
        "pg": "7.12.0",
        "redis": "3.0.0",
        "cheerio": "0.22.0",
        "puppeteer": "1.20.0",
        "sharp": "0.25.0",
        "adm-zip": "0.4.13",
        "unzipper": "0.10.5",
        "tar-stream": "2.1.0",
        "archiver": "3.1.0",
        "semver": "5.7.1",
        "cross-spawn": "6.0.5",
        "is-svg": "4.2.1",
        "css-what": "5.0.0",
        "sshpk": "1.13.1",
        "uuid": "3.3.2",
        "node-uuid": "1.4.7",
        "lodash.template": "4.4.0",
        "lodash.set": "4.3.2",
        "lodash.pick": "4.4.0",
        "jsonpointer": "4.1.0",
        "websocket-extensions": "0.1.3",
        "ansi-html": "0.0.7",
        "underscore.string": "3.3.4",
        "trim-off-newlines": "1.0.1",
        "scss-tokenizer": "0.2.3",
        "tmpl": "1.0.4",
        "json-pointer": "0.6.0",
        "defaults-deep": "0.2.4",
        "assign-deep": "1.0.0",
        "just-extend": "4.0.0",
        "flatten": "1.0.2",
        "parse-path": "4.0.1",
        "parse-url": "5.0.0",
        "git-up": "4.0.0",
        "taffydb": "2.7.3",
        "jsrsasign": "8.0.20",
        "jwt-decode": "2.2.0",
        "json-bigint": "0.3.0",
        "jpeg-js": "0.3.0",
        "mongo-sanitize": "1.0.0",
        "ldapjs": "1.0.2",
        "saml2-js": "2.0.5",
        "passport-saml": "1.3.3",
        "xml-encryption": "1.2.3",
        "node-jose": "1.1.3",
        "jws": "3.2.1",
        "jwa": "1.4.0",
        "stringstream": "0.0.5",
        "chownr": "1.0.1",
        "fresh": "0.3.0",
        "useragent": "2.1.12",
        "marsdb": "0.6.11",
        "validator": "9.4.0",
        "node-tar": "2.2.1",
        "mout": "0.11.0",
        "bassmaster": "1.5.1",
        "swig": "1.4.2",
        "dustjs-linkedin": "2.5.0",
        "kerberos": "0.0.18"
      }
    },
    "node_modules/lodash": {
      "version": "4.17.4",
      "resolved": "https://registry.npmjs.org/lodash/-/lodash-4.17.4.tgz"
    },
    "node_modules/minimist": {
      "version": "0.0.8",
      "resolved": "https://registry.npmjs.org/minimist/-/minimist-0.0.8.tgz"
    },
    "node_modules/express": {
      "version": "4.16.0",
      "resolved": "https://registry.npmjs.org/express/-/express-4.16.0.tgz"
    },
    "node_modules/serialize-javascript": {
      "version": "1.7.0",
      "resolved": "https://registry.npmjs.org/serialize-javascript/-/serialize-javascript-1.7.0.tgz"
    },
    "node_modules/node-fetch": {
      "version": "2.6.0",
      "resolved": "https://registry.npmjs.org/node-fetch/-/node-fetch-2.6.0.tgz"
    },
    "node_modules/axios": {
      "version": "0.19.0",
      "resolved": "https://registry.npmjs.org/axios/-/axios-0.19.0.tgz"
    },
    "node_modules/jsonwebtoken": {
      "version": "8.3.0",
      "resolved": "https://registry.npmjs.org/jsonwebtoken/-/jsonwebtoken-8.3.0.tgz"
    },
    "node_modules/marked": {
      "version": "0.3.6",
      "resolved": "https://registry.npmjs.org/marked/-/marked-0.3.6.tgz"
    },
    "node_modules/helmet": {
      "version": "3.15.0",
      "resolved": "https://registry.npmjs.org/helmet/-/helmet-3.15.0.tgz"
    },
    "node_modules/tar": {
      "version": "4.4.0",
      "resolved": "https://registry.npmjs.org/tar/-/tar-4.4.0.tgz"
    },
    "node_modules/underscore": {
      "version": "1.8.3",
      "resolved": "https://registry.npmjs.org/underscore/-/underscore-1.8.3.tgz"
    },
    "node_modules/handlebars": {
      "version": "4.0.0",
      "resolved": "https://registry.npmjs.org/handlebars/-/handlebars-4.0.0.tgz"
    },
    "node_modules/moment": {
      "version": "2.19.2",
      "resolved": "https://registry.npmjs.org/moment/-/moment-2.19.2.tgz"
    },
    "node_modules/angular": {
      "version": "1.5.0",
      "resolved": "https://registry.npmjs.org/angular/-/angular-1.5.0.tgz"
    },
    "node_modules/jquery": {
      "version": "2.2.4",
      "resolved": "https://registry.npmjs.org/jquery/-/jquery-2.2.4.tgz"
    },
    "node_modules/bootstrap": {
      "version": "3.3.6",
      "resolved": "https://registry.npmjs.org/bootstrap/-/bootstrap-3.3.6.tgz"
    },
    "node_modules/ini": {
      "version": "1.3.5",
      "resolved": "https://registry.npmjs.org/ini/-/ini-1.3.5.tgz"
    },
    "node_modules/yargs-parser": {
      "version": "5.0.0",
      "resolved": "https://registry.npmjs.org/yargs-parser/-/yargs-parser-5.0.0.tgz"
    },
    "node_modules/kind-of": {
      "version": "6.0.0",
      "resolved": "https://registry.npmjs.org/kind-of/-/kind-of-6.0.0.tgz"
    },
    "node_modules/decompress": {
      "version": "4.2.0",
      "resolved": "https://registry.npmjs.org/decompress/-/decompress-4.2.0.tgz"
    },
    "node_modules/mem": {
      "version": "4.0.0",
      "resolved": "https://registry.npmjs.org/mem/-/mem-4.0.0.tgz"
    },
    "node_modules/braces": {
      "version": "2.3.0",
      "resolved": "https://registry.npmjs.org/braces/-/braces-2.3.0.tgz"
    },
    "node_modules/dot-prop": {
      "version": "4.2.0",
      "resolved": "https://registry.npmjs.org/dot-prop/-/dot-prop-4.2.0.tgz"
    },
    "node_modules/set-value": {
      "version": "2.0.0",
      "resolved": "https://registry.npmjs.org/set-value/-/set-value-2.0.0.tgz"
    },
    "node_modules/mixin-deep": {
      "version": "1.3.1",
      "resolved": "https://registry.npmjs.org/mixin-deep/-/mixin-deep-1.3.1.tgz"
    },
    "node_modules/js-yaml": {
      "version": "3.12.0",
      "resolved": "https://registry.npmjs.org/js-yaml/-/js-yaml-3.12.0.tgz"
    },
    "node_modules/highlight.js": {
      "version": "9.12.0",
      "resolved": "https://registry.npmjs.org/highlight.js/-/highlight.js-9.12.0.tgz"
    },
    "node_modules/postcss": {
      "version": "7.0.0",
      "resolved": "https://registry.npmjs.org/postcss/-/postcss-7.0.0.tgz"
    },
    "node_modules/glob-parent": {
      "version": "5.0.0",
      "resolved": "https://registry.npmjs.org/glob-parent/-/glob-parent-5.0.0.tgz"
    },
    "node_modules/trim-newlines": {
      "version": "3.0.0",
      "resolved": "https://registry.npmjs.org/trim-newlines/-/trim-newlines-3.0.0.tgz"
    },
    "node_modules/path-parse": {
      "version": "1.0.6",
      "resolved": "https://registry.npmjs.org/path-parse/-/path-parse-1.0.6.tgz"
    },
    "node_modules/hosted-git-info": {
      "version": "2.8.8",
      "resolved": "https://registry.npmjs.org/hosted-git-info/-/hosted-git-info-2.8.8.tgz"
    },
    "node_modules/ssri": {
      "version": "6.0.1",
      "resolved": "https://registry.npmjs.org/ssri/-/ssri-6.0.1.tgz"
    },
    "node_modules/y18n": {
      "version": "4.0.0",
      "resolved": "https://registry.npmjs.org/y18n/-/y18n-4.0.0.tgz"
    },
    "node_modules/elliptic": {
      "version": "6.5.3",
      "resolved": "https://registry.npmjs.org/elliptic/-/elliptic-6.5.3.tgz"
    },
    "node_modules/bl": {
      "version": "1.2.2",
      "resolved": "https://registry.npmjs.org/bl/-/bl-1.2.2.tgz"
    },
    "node_modules/ua-parser-js": {
      "version": "0.7.28",
      "resolved": "https://registry.npmjs.org/ua-parser-js/-/ua-parser-js-0.7.28.tgz"
    },
    "node_modules/nth-check": {
      "version": "1.0.2",
      "resolved": "https://registry.npmjs.org/nth-check/-/nth-check-1.0.2.tgz"
    },
    "node_modules/ansi-regex": {
      "version": "4.1.0",
      "resolved": "https://registry.npmjs.org/ansi-regex/-/ansi-regex-4.1.0.tgz"
    },
    "node_modules/nanoid": {
      "version": "2.1.11",
      "resolved": "https://registry.npmjs.org/nanoid/-/nanoid-2.1.11.tgz"
    },
    "node_modules/follow-redirects": {
      "version": "1.14.7",
      "resolved": "https://registry.npmjs.org/follow-redirects/-/follow-redirects-1.14.7.tgz"
    },
    "node_modules/shelljs": {
      "version": "0.8.4",
      "resolved": "https://registry.npmjs.org/shelljs/-/shelljs-0.8.4.tgz"
    },
    "node_modules/ejs": {
      "version": "3.1.6",
      "resolved": "https://registry.npmjs.org/ejs/-/ejs-3.1.6.tgz"
    },
    "node_modules/async": {
      "version": "2.6.3",
      "resolved": "https://registry.npmjs.org/async/-/async-2.6.3.tgz"
    },
    "node_modules/got": {
      "version": "9.6.0",
      "resolved": "https://registry.npmjs.org/got/-/got-9.6.0.tgz"
    },
    "node_modules/dns-packet": {
      "version": "5.2.1",
      "resolved": "https://registry.npmjs.org/dns-packet/-/dns-packet-5.2.1.tgz"
    },
    "node_modules/ws": {
      "version": "7.4.5",
      "resolved": "https://registry.npmjs.org/ws/-/ws-7.4.5.tgz"
    },
    "node_modules/ajv": {
      "version": "6.12.2",
      "resolved": "https://registry.npmjs.org/ajv/-/ajv-6.12.2.tgz"
    },
    "node_modules/color-string": {
      "version": "1.5.4",
      "resolved": "https://registry.npmjs.org/color-string/-/color-string-1.5.4.tgz"
    },
    "node_modules/normalize-url": {
      "version": "4.5.0",
      "resolved": "https://registry.npmjs.org/normalize-url/-/normalize-url-4.5.0.tgz"
    },
    "node_modules/browserslist": {
      "version": "4.16.3",
      "resolved": "https://registry.npmjs.org/browserslist/-/browserslist-4.16.3.tgz"
    },
    "node_modules/immer": {
      "version": "8.0.1",
      "resolved": "https://registry.npmjs.org/immer/-/immer-8.0.1.tgz"
    },
    "node_modules/url-parse": {
      "version": "1.5.1",
      "resolved": "https://registry.npmjs.org/url-parse/-/url-parse-1.5.1.tgz"
    },
    "node_modules/prismjs": {
      "version": "1.24.0",
      "resolved": "https://registry.npmjs.org/prismjs/-/prismjs-1.24.0.tgz"
    },
    "node_modules/object-path": {
      "version": "0.11.4",
      "resolved": "https://registry.npmjs.org/object-path/-/object-path-0.11.4.tgz"
    },
    "node_modules/node-notifier": {
      "version": "8.0.0",
      "resolved": "https://registry.npmjs.org/node-notifier/-/node-notifier-8.0.0.tgz"
    },
    "node_modules/socket.io": {
      "version": "2.4.1",
      "resolved": "https://registry.npmjs.org/socket.io/-/socket.io-2.4.1.tgz"
    },
    "node_modules/xmldom": {
      "version": "0.4.0",
      "resolved": "https://registry.npmjs.org/xmldom/-/xmldom-0.4.0.tgz"
    },
    "node_modules/passport": {
      "version": "0.4.1",
      "resolved": "https://registry.npmjs.org/passport/-/passport-0.4.1.tgz"
    },
    "node_modules/morgan": {
      "version": "1.9.0",
      "resolved": "https://registry.npmjs.org/morgan/-/morgan-1.9.0.tgz"
    },
    "node_modules/cookie": {
      "version": "0.4.0",
      "resolved": "https://registry.npmjs.org/cookie/-/cookie-0.4.0.tgz"
    },
    "node_modules/body-parser": {
      "version": "1.18.0",
      "resolved": "https://registry.npmjs.org/body-parser/-/body-parser-1.18.0.tgz"
    },
    "node_modules/multer": {
      "version": "1.4.2",
      "resolved": "https://registry.npmjs.org/multer/-/multer-1.4.2.tgz"
    },
    "node_modules/knex": {
      "version": "0.20.0",
      "resolved": "https://registry.npmjs.org/knex/-/knex-0.20.0.tgz"
    },
    "node_modules/sequelize": {
      "version": "5.21.0",
      "resolved": "https://registry.npmjs.org/sequelize/-/sequelize-5.21.0.tgz"
    },
    "node_modules/mongoose": {
      "version": "5.7.0",
      "resolved": "https://registry.npmjs.org/mongoose/-/mongoose-5.7.0.tgz"
    },
    "node_modules/mysql": {
      "version": "2.16.0",
      "resolved": "https://registry.npmjs.org/mysql/-/mysql-2.16.0.tgz"
    },
    "node_modules/pg": {
      "version": "7.12.0",
      "resolved": "https://registry.npmjs.org/pg/-/pg-7.12.0.tgz"
    },
    "node_modules/redis": {
      "version": "3.0.0",
      "resolved": "https://registry.npmjs.org/redis/-/redis-3.0.0.tgz"
    },
    "node_modules/cheerio": {
      "version": "0.22.0",
      "resolved": "https://registry.npmjs.org/cheerio/-/cheerio-0.22.0.tgz"
    },
    "node_modules/puppeteer": {
      "version": "1.20.0",
      "resolved": "https://registry.npmjs.org/puppeteer/-/puppeteer-1.20.0.tgz"
    },
    "node_modules/sharp": {
      "version": "0.25.0",
      "resolved": "https://registry.npmjs.org/sharp/-/sharp-0.25.0.tgz"
    },
    "node_modules/adm-zip": {
      "version": "0.4.13",
      "resolved": "https://registry.npmjs.org/adm-zip/-/adm-zip-0.4.13.tgz"
    },
    "node_modules/unzipper": {
      "version": "0.10.5",
      "resolved": "https://registry.npmjs.org/unzipper/-/unzipper-0.10.5.tgz"
    },
    "node_modules/tar-stream": {
      "version": "2.1.0",
      "resolved": "https://registry.npmjs.org/tar-stream/-/tar-stream-2.1.0.tgz"
    },
    "node_modules/archiver": {
      "version": "3.1.0",
      "resolved": "https://registry.npmjs.org/archiver/-/archiver-3.1.0.tgz"
    },
    "node_modules/semver": {
      "version": "5.7.1",
      "resolved": "https://registry.npmjs.org/semver/-/semver-5.7.1.tgz"
    },
    "node_modules/cross-spawn": {
      "version": "6.0.5",
      "resolved": "https://registry.npmjs.org/cross-spawn/-/cross-spawn-6.0.5.tgz"
    },
    "node_modules/is-svg": {
      "version": "4.2.1",
      "resolved": "https://registry.npmjs.org/is-svg/-/is-svg-4.2.1.tgz"
    },
    "node_modules/css-what": {
      "version": "5.0.0",
      "resolved": "https://registry.npmjs.org/css-what/-/css-what-5.0.0.tgz"
    },
    "node_modules/sshpk": {
      "version": "1.13.1",
      "resolved": "https://registry.npmjs.org/sshpk/-/sshpk-1.13.1.tgz"
    },
    "node_modules/uuid": {
      "version": "3.3.2",
      "resolved": "https://registry.npmjs.org/uuid/-/uuid-3.3.2.tgz"
    },
    "node_modules/node-uuid": {
      "version": "1.4.7",
      "resolved": "https://registry.npmjs.org/node-uuid/-/node-uuid-1.4.7.tgz"
    },
    "node_modules/lodash.template": {
      "version": "4.4.0",
      "resolved": "https://registry.npmjs.org/lodash.template/-/lodash.template-4.4.0.tgz"
    },
    "node_modules/lodash.set": {
      "version": "4.3.2",
      "resolved": "https://registry.npmjs.org/lodash.set/-/lodash.set-4.3.2.tgz"
    },
    "node_modules/lodash.pick": {
      "version": "4.4.0",
      "resolved": "https://registry.npmjs.org/lodash.pick/-/lodash.pick-4.4.0.tgz"
    },
    "node_modules/jsonpointer": {
      "version": "4.1.0",
      "resolved": "https://registry.npmjs.org/jsonpointer/-/jsonpointer-4.1.0.tgz"
    },
    "node_modules/websocket-extensions": {
      "version": "0.1.3",
      "resolved": "https://registry.npmjs.org/websocket-extensions/-/websocket-extensions-0.1.3.tgz"
    },
    "node_modules/ansi-html": {
      "version": "0.0.7",
      "resolved": "https://registry.npmjs.org/ansi-html/-/ansi-html-0.0.7.tgz"
    },
    "node_modules/underscore.string": {
      "version": "3.3.4",
      "resolved": "https://registry.npmjs.org/underscore.string/-/underscore.string-3.3.4.tgz"
    },
    "node_modules/trim-off-newlines": {
      "version": "1.0.1",
      "resolved": "https://registry.npmjs.org/trim-off-newlines/-/trim-off-newlines-1.0.1.tgz"
    },
    "node_modules/scss-tokenizer": {
      "version": "0.2.3",
      "resolved": "https://registry.npmjs.org/scss-tokenizer/-/scss-tokenizer-0.2.3.tgz"
    },
    "node_modules/tmpl": {
      "version": "1.0.4",
      "resolved": "https://registry.npmjs.org/tmpl/-/tmpl-1.0.4.tgz"
    },
    "node_modules/json-pointer": {
      "version": "0.6.0",
      "resolved": "https://registry.npmjs.org/json-pointer/-/json-pointer-0.6.0.tgz"
    },
    "node_modules/defaults-deep": {
      "version": "0.2.4",
      "resolved": "https://registry.npmjs.org/defaults-deep/-/defaults-deep-0.2.4.tgz"
    },
    "node_modules/assign-deep": {
      "version": "1.0.0",
      "resolved": "https://registry.npmjs.org/assign-deep/-/assign-deep-1.0.0.tgz"
    },
    "node_modules/just-extend": {
      "version": "4.0.0",
      "resolved": "https://registry.npmjs.org/just-extend/-/just-extend-4.0.0.tgz"
    },
    "node_modules/flatten": {
      "version": "1.0.2",
      "resolved": "https://registry.npmjs.org/flatten/-/flatten-1.0.2.tgz"
    },
    "node_modules/parse-path": {
      "version": "4.0.1",
      "resolved": "https://registry.npmjs.org/parse-path/-/parse-path-4.0.1.tgz"
    },
    "node_modules/parse-url": {
      "version": "5.0.0",
      "resolved": "https://registry.npmjs.org/parse-url/-/parse-url-5.0.0.tgz"
    },
    "node_modules/git-up": {
      "version": "4.0.0",
      "resolved": "https://registry.npmjs.org/git-up/-/git-up-4.0.0.tgz"
    },
    "node_modules/taffydb": {
      "version": "2.7.3",
      "resolved": "https://registry.npmjs.org/taffydb/-/taffydb-2.7.3.tgz"
    },
    "node_modules/jsrsasign": {
      "version": "8.0.20",
      "resolved": "https://registry.npmjs.org/jsrsasign/-/jsrsasign-8.0.20.tgz"
    },
    "node_modules/jwt-decode": {
      "version": "2.2.0",
      "resolved": "https://registry.npmjs.org/jwt-decode/-/jwt-decode-2.2.0.tgz"
    },
    "node_modules/json-bigint": {
      "version": "0.3.0",
      "resolved": "https://registry.npmjs.org/json-bigint/-/json-bigint-0.3.0.tgz"
    },
    "node_modules/jpeg-js": {
      "version": "0.3.0",
      "resolved": "https://registry.npmjs.org/jpeg-js/-/jpeg-js-0.3.0.tgz"
    },
    "node_modules/mongo-sanitize": {
      "version": "1.0.0",
      "resolved": "https://registry.npmjs.org/mongo-sanitize/-/mongo-sanitize-1.0.0.tgz"
    },
    "node_modules/ldapjs": {
      "version": "1.0.2",
      "resolved": "https://registry.npmjs.org/ldapjs/-/ldapjs-1.0.2.tgz"
    },
    "node_modules/saml2-js": {
      "version": "2.0.5",
      "resolved": "https://registry.npmjs.org/saml2-js/-/saml2-js-2.0.5.tgz"
    },
    "node_modules/passport-saml": {
      "version": "1.3.3",
      "resolved": "https://registry.npmjs.org/passport-saml/-/passport-saml-1.3.3.tgz"
    },
    "node_modules/xml-encryption": {
      "version": "1.2.3",
      "resolved": "https://registry.npmjs.org/xml-encryption/-/xml-encryption-1.2.3.tgz"
    },
    "node_modules/node-jose": {
      "version": "1.1.3",
      "resolved": "https://registry.npmjs.org/node-jose/-/node-jose-1.1.3.tgz"
    },
    "node_modules/jws": {
      "version": "3.2.1",
      "resolved": "https://registry.npmjs.org/jws/-/jws-3.2.1.tgz"
    },
    "node_modules/jwa": {
      "version": "1.4.0",
      "resolved": "https://registry.npmjs.org/jwa/-/jwa-1.4.0.tgz"
    },
    "node_modules/stringstream": {
      "version": "0.0.5",
      "resolved": "https://registry.npmjs.org/stringstream/-/stringstream-0.0.5.tgz"
    },
    "node_modules/chownr": {
      "version": "1.0.1",
      "resolved": "https://registry.npmjs.org/chownr/-/chownr-1.0.1.tgz"
    },
    "node_modules/fresh": {
      "version": "0.3.0",
      "resolved": "https://registry.npmjs.org/fresh/-/fresh-0.3.0.tgz"
    },
    "node_modules/useragent": {
      "version": "2.1.12",
      "resolved": "https://registry.npmjs.org/useragent/-/useragent-2.1.12.tgz"
    },
    "node_modules/marsdb": {
      "version": "0.6.11",
      "resolved": "https://registry.npmjs.org/marsdb/-/marsdb-0.6.11.tgz"
    },
    "node_modules/validator": {
      "version": "9.4.0",
      "resolved": "https://registry.npmjs.org/validator/-/validator-9.4.0.tgz"
    },
    "node_modules/node-tar": {
      "version": "2.2.1",
      "resolved": "https://registry.npmjs.org/node-tar/-/node-tar-2.2.1.tgz"
    },
    "node_modules/mout": {
      "version": "0.11.0",
      "resolved": "https://registry.npmjs.org/mout/-/mout-0.11.0.tgz"
    },
    "node_modules/bassmaster": {
      "version": "1.5.1",
      "resolved": "https://registry.npmjs.org/bassmaster/-/bassmaster-1.5.1.tgz"
    },
    "node_modules/swig": {
      "version": "1.4.2",
      "resolved": "https://registry.npmjs.org/swig/-/swig-1.4.2.tgz"
    },
    "node_modules/dustjs-linkedin": {
      "version": "2.5.0",
      "resolved": "https://registry.npmjs.org/dustjs-linkedin/-/dustjs-linkedin-2.5.0.tgz"
    },
    "node_modules/kerberos": {
      "version": "0.0.18",
      "resolved": "https://registry.npmjs.org/kerberos/-/kerberos-0.0.18.tgz"
    }
  }
}
